// !$*UTF8*$!
{
	archiveVersion = 1;
	classes = {
	};
	objectVersion = 56;
	objects = {

/* Begin PBXBuildFile section */
		DDE2F02E2C5EF14B00A193C4 /* AppDelegate.swift in Sources */ = {isa = PBXBuildFile; fileRef = DDE2F02D2C5EF14B00A193C4 /* AppDelegate.swift */; };
		DDE2F0302C5EF14B00A193C4 /* SceneDelegate.swift in Sources */ = {isa = PBXBuildFile; fileRef = DDE2F02F2C5EF14B00A193C4 /* SceneDelegate.swift */; };
		DDE2F0322C5EF14B00A193C4 /* ViewController.swift in Sources */ = {isa = PBXBuildFile; fileRef = DDE2F0312C5EF14B00A193C4 /* ViewController.swift */; };
		DDE2F0352C5EF14B00A193C4 /* Base in Resources */ = {isa = PBXBuildFile; fileRef = DDE2F0342C5EF14B00A193C4 /* Base */; };
		DDE2F0372C5EF14C00A193C4 /* Assets.xcassets in Resources */ = {isa = PBXBuildFile; fileRef = DDE2F0362C5EF14C00A193C4 /* Assets.xcassets */; };
		DDE2F03A2C5EF14C00A193C4 /* Base in Resources */ = {isa = PBXBuildFile; fileRef = DDE2F0392C5EF14C00A193C4 /* Base */; };
		DDE2F0452C5EF14C00A193C4 /* corbinDirectoryTests.swift in Sources */ = {isa = PBXBuildFile; fileRef = DDE2F0442C5EF14C00A193C4 /* corbinDirectoryTests.swift */; };
		DDE2F04F2C5EF14C00A193C4 /* corbinDirectoryUITests.swift in Sources */ = {isa = PBXBuildFile; fileRef = DDE2F04E2C5EF14C00A193C4 /* corbinDirectoryUITests.swift */; };
		DDE2F0512C5EF14C00A193C4 /* corbinDirectoryUITestsLaunchTests.swift in Sources */ = {isa = PBXBuildFile; fileRef = DDE2F0502C5EF14C00A193C4 /* corbinDirectoryUITestsLaunchTests.swift */; };
/* End PBXBuildFile section */

/* Begin PBXContainerItemProxy section */
		DDE2F0412C5EF14C00A193C4 /* PBXContainerItemProxy */ = {
			isa = PBXContainerItemProxy;
			containerPortal = DDE2F0222C5EF14B00A193C4 /* Project object */;
			proxyType = 1;
			remoteGlobalIDString = DDE2F0292C5EF14B00A193C4;
			remoteInfo = corbinDirectory;
		};
		DDE2F04B2C5EF14C00A193C4 /* PBXContainerItemProxy */ = {
			isa = PBXContainerItemProxy;
			containerPortal = DDE2F0222C5EF14B00A193C4 /* Project object */;
			proxyType = 1;
			remoteGlobalIDString = DDE2F0292C5EF14B00A193C4;
			remoteInfo = corbinDirectory;
		};
/* End PBXContainerItemProxy section */

/* Begin PBXFileReference section */
		DDE2F02A2C5EF14B00A193C4 /* corbinDirectory.app */ = {isa = PBXFileReference; explicitFileType = wrapper.application; includeInIndex = 0; path = corbinDirectory.app; sourceTree = BUILT_PRODUCTS_DIR; };
		DDE2F02D2C5EF14B00A193C4 /* AppDelegate.swift */ = {isa = PBXFileReference; lastKnownFileType = sourcecode.swift; path = AppDelegate.swift; sourceTree = "<group>"; };
		DDE2F02F2C5EF14B00A193C4 /* SceneDelegate.swift */ = {isa = PBXFileReference; lastKnownFileType = sourcecode.swift; path = SceneDelegate.swift; sourceTree = "<group>"; };
		DDE2F0312C5EF14B00A193C4 /* ViewController.swift */ = {isa = PBXFileReference; lastKnownFileType = sourcecode.swift; path = ViewController.swift; sourceTree = "<group>"; };
		DDE2F0342C5EF14B00A193C4 /* Base */ = {isa = PBXFileReference; lastKnownFileType = file.storyboard; name = Base; path = Base.lproj/Main.storyboard; sourceTree = "<group>"; };
		DDE2F0362C5EF14C00A193C4 /* Assets.xcassets */ = {isa = PBXFileReference; lastKnownFileType = folder.assetcatalog; path = Assets.xcassets; sourceTree = "<group>"; };
		DDE2F0392C5EF14C00A193C4 /* Base */ = {isa = PBXFileReference; lastKnownFileType = file.storyboard; name = Base; path = Base.lproj/LaunchScreen.storyboard; sourceTree = "<group>"; };
		DDE2F03B2C5EF14C00A193C4 /* Info.plist */ = {isa = PBXFileReference; lastKnownFileType = text.plist.xml; path = Info.plist; sourceTree = "<group>"; };
		DDE2F0402C5EF14C00A193C4 /* corbinDirectoryTests.xctest */ = {isa = PBXFileReference; explicitFileType = wrapper.cfbundle; includeInIndex = 0; path = corbinDirectoryTests.xctest; sourceTree = BUILT_PRODUCTS_DIR; };
		DDE2F0442C5EF14C00A193C4 /* corbinDirectoryTests.swift */ = {isa = PBXFileReference; lastKnownFileType = sourcecode.swift; path = corbinDirectoryTests.swift; sourceTree = "<group>"; };
		DDE2F04A2C5EF14C00A193C4 /* corbinDirectoryUITests.xctest */ = {isa = PBXFileReference; explicitFileType = wrapper.cfbundle; includeInIndex = 0; path = corbinDirectoryUITests.xctest; sourceTree = BUILT_PRODUCTS_DIR; };
		DDE2F04E2C5EF14C00A193C4 /* corbinDirectoryUITests.swift */ = {isa = PBXFileReference; lastKnownFileType = sourcecode.swift; path = corbinDirectoryUITests.swift; sourceTree = "<group>"; };
		DDE2F0502C5EF14C00A193C4 /* corbinDirectoryUITestsLaunchTests.swift */ = {isa = PBXFileReference; lastKnownFileType = sourcecode.swift; path = corbinDirectoryUITestsLaunchTests.swift; sourceTree = "<group>"; };
/* End PBXFileReference section */

/* Begin PBXFrameworksBuildPhase section */
		DDE2F0272C5EF14B00A193C4 /* Frameworks */ = {
			isa = PBXFrameworksBuildPhase;
			buildActionMask = 2147483647;
			files = (
			);
			runOnlyForDeploymentPostprocessing = 0;
		};
		DDE2F03D2C5EF14C00A193C4 /* Frameworks */ = {
			isa = PBXFrameworksBuildPhase;
			buildActionMask = 2147483647;
			files = (
			);
			runOnlyForDeploymentPostprocessing = 0;
		};
		DDE2F0472C5EF14C00A193C4 /* Frameworks */ = {
			isa = PBXFrameworksBuildPhase;
			buildActionMask = 2147483647;
			files = (
			);
			runOnlyForDeploymentPostprocessing = 0;
		};
/* End PBXFrameworksBuildPhase section */

/* Begin PBXGroup section */
		DDE2F0212C5EF14B00A193C4 = {
			isa = PBXGroup;
			children = (
				DDE2F02C2C5EF14B00A193C4 /* corbinDirectory */,
				DDE2F0432C5EF14C00A193C4 /* corbinDirectoryTests */,
				DDE2F04D2C5EF14C00A193C4 /* corbinDirectoryUITests */,
				DDE2F02B2C5EF14B00A193C4 /* Products */,
			);
			sourceTree = "<group>";
		};
		DDE2F02B2C5EF14B00A193C4 /* Products */ = {
			isa = PBXGroup;
			children = (
				DDE2F02A2C5EF14B00A193C4 /* corbinDirectory.app */,
				DDE2F0402C5EF14C00A193C4 /* corbinDirectoryTests.xctest */,
				DDE2F04A2C5EF14C00A193C4 /* corbinDirectoryUITests.xctest */,
			);
			name = Products;
			sourceTree = "<group>";
		};
		DDE2F02C2C5EF14B00A193C4 /* corbinDirectory */ = {
			isa = PBXGroup;
			children = (
				DDE2F02D2C5EF14B00A193C4 /* AppDelegate.swift */,
				DDE2F02F2C5EF14B00A193C4 /* SceneDelegate.swift */,
				DDE2F0312C5EF14B00A193C4 /* ViewController.swift */,
				DDE2F0332C5EF14B00A193C4 /* Main.storyboard */,
				DDE2F0362C5EF14C00A193C4 /* Assets.xcassets */,
				DDE2F0382C5EF14C00A193C4 /* LaunchScreen.storyboard */,
				DDE2F03B2C5EF14C00A193C4 /* Info.plist */,
			);
			path = corbinDirectory;
			sourceTree = "<group>";
		};
		DDE2F0432C5EF14C00A193C4 /* corbinDirectoryTests */ = {
			isa = PBXGroup;
			children = (
				DDE2F0442C5EF14C00A193C4 /* corbinDirectoryTests.swift */,
			);
			path = corbinDirectoryTests;
			sourceTree = "<group>";
		};
		DDE2F04D2C5EF14C00A193C4 /* corbinDirectoryUITests */ = {
			isa = PBXGroup;
			children = (
				DDE2F04E2C5EF14C00A193C4 /* corbinDirectoryUITests.swift */,
				DDE2F0502C5EF14C00A193C4 /* corbinDirectoryUITestsLaunchTests.swift */,
			);
			path = corbinDirectoryUITests;
			sourceTree = "<group>";
		};
/* End PBXGroup section */

/* Begin PBXNativeTarget section */
		DDE2F0292C5EF14B00A193C4 /* corbinDirectory */ = {
			isa = PBXNativeTarget;
			buildConfigurationList = DDE2F0542C5EF14C00A193C4 /* Build configuration list for PBXNativeTarget "corbinDirectory" */;
			buildPhases = (
				DDE2F0262C5EF14B00A193C4 /* Sources */,
				DDE2F0272C5EF14B00A193C4 /* Frameworks */,
				DDE2F0282C5EF14B00A193C4 /* Resources */,
			);
			buildRules = (
			);
			dependencies = (
			);
			name = corbinDirectory;
			productName = corbinDirectory;
			productReference = DDE2F02A2C5EF14B00A193C4 /* corbinDirectory.app */;
			productType = "com.apple.product-type.application";
		};
		DDE2F03F2C5EF14C00A193C4 /* corbinDirectoryTests */ = {
			isa = PBXNativeTarget;
			buildConfigurationList = DDE2F0572C5EF14C00A193C4 /* Build configuration list for PBXNativeTarget "corbinDirectoryTests" */;
			buildPhases = (
				DDE2F03C2C5EF14C00A193C4 /* Sources */,
				DDE2F03D2C5EF14C00A193C4 /* Frameworks */,
				DDE2F03E2C5EF14C00A193C4 /* Resources */,
			);
			buildRules = (
			);
			dependencies = (
				DDE2F0422C5EF14C00A193C4 /* PBXTargetDependency */,
			);
			name = corbinDirectoryTests;
			productName = corbinDirectoryTests;
			productReference = DDE2F0402C5EF14C00A193C4 /* corbinDirectoryTests.xctest */;
			productType = "com.apple.product-type.bundle.unit-test";
		};
		DDE2F0492C5EF14C00A193C4 /* corbinDirectoryUITests */ = {
			isa = PBXNativeTarget;
			buildConfigurationList = DDE2F05A2C5EF14C00A193C4 /* Build configuration list for PBXNativeTarget "corbinDirectoryUITests" */;
			buildPhases = (
				DDE2F0462C5EF14C00A193C4 /* Sources */,
				DDE2F0472C5EF14C00A193C4 /* Frameworks */,
				DDE2F0482C5EF14C00A193C4 /* Resources */,
			);
			buildRules = (
			);
			dependencies = (
				DDE2F04C2C5EF14C00A193C4 /* PBXTargetDependency */,
			);
			name = corbinDirectoryUITests;
			productName = corbinDirectoryUITests;
			productReference = DDE2F04A2C5EF14C00A193C4 /* corbinDirectoryUITests.xctest */;
			productType = "com.apple.product-type.bundle.ui-testing";
		};
/* End PBXNativeTarget section */

/* Begin PBXProject section */
		DDE2F0222C5EF14B00A193C4 /* Project object */ = {
			isa = PBXProject;
			attributes = {
				BuildIndependentTargetsInParallel = 1;
				LastSwiftUpdateCheck = 1540;
				LastUpgradeCheck = 1540;
				TargetAttributes = {
					DDE2F0292C5EF14B00A193C4 = {
						CreatedOnToolsVersion = 15.4;
					};
					DDE2F03F2C5EF14C00A193C4 = {
						CreatedOnToolsVersion = 15.4;
						TestTargetID = DDE2F0292C5EF14B00A193C4;
					};
					DDE2F0492C5EF14C00A193C4 = {
						CreatedOnToolsVersion = 15.4;
						TestTargetID = DDE2F0292C5EF14B00A193C4;
					};
				};
			};
			buildConfigurationList = DDE2F0252C5EF14B00A193C4 /* Build configuration list for PBXProject "corbinDirectory" */;
			compatibilityVersion = "Xcode 14.0";
			developmentRegion = en;
			hasScannedForEncodings = 0;
			knownRegions = (
				en,
				Base,
			);
			mainGroup = DDE2F0212C5EF14B00A193C4;
			productRefGroup = DDE2F02B2C5EF14B00A193C4 /* Products */;
			projectDirPath = "";
			projectRoot = "";
			targets = (
				DDE2F0292C5EF14B00A193C4 /* corbinDirectory */,
				DDE2F03F2C5EF14C00A193C4 /* corbinDirectoryTests */,
				DDE2F0492C5EF14C00A193C4 /* corbinDirectoryUITests */,
			);
		};
/* End PBXProject section */

/* Begin PBXResourcesBuildPhase section */
		DDE2F0282C5EF14B00A193C4 /* Resources */ = {
			isa = PBXResourcesBuildPhase;
			buildActionMask = 2147483647;
			files = (
				DDE2F0372C5EF14C00A193C4 /* Assets.xcassets in Resources */,
				DDE2F03A2C5EF14C00A193C4 /* Base in Resources */,
				DDE2F0352C5EF14B00A193C4 /* Base in Resources */,
			);
			runOnlyForDeploymentPostprocessing = 0;
		};
		DDE2F03E2C5EF14C00A193C4 /* Resources */ = {
			isa = PBXResourcesBuildPhase;
			buildActionMask = 2147483647;
			files = (
			);
			runOnlyForDeploymentPostprocessing = 0;
		};
		DDE2F0482C5EF14C00A193C4 /* Resources */ = {
			isa = PBXResourcesBuildPhase;
			buildActionMask = 2147483647;
			files = (
			);
			runOnlyForDeploymentPostprocessing = 0;
		};
/* End PBXResourcesBuildPhase section */

/* Begin PBXSourcesBuildPhase section */
		DDE2F0262C5EF14B00A193C4 /* Sources */ = {
			isa = PBXSourcesBuildPhase;
			buildActionMask = 2147483647;
			files = (
				DDE2F0322C5EF14B00A193C4 /* ViewController.swift in Sources */,
				DDE2F02E2C5EF14B00A193C4 /* AppDelegate.swift in Sources */,
				DDE2F0302C5EF14B00A193C4 /* SceneDelegate.swift in Sources */,
			);
			runOnlyForDeploymentPostprocessing = 0;
		};
		DDE2F03C2C5EF14C00A193C4 /* Sources */ = {
			isa = PBXSourcesBuildPhase;
			buildActionMask = 2147483647;
			files = (
				DDE2F0452C5EF14C00A193C4 /* corbinDirectoryTests.swift in Sources */,
			);
			runOnlyForDeploymentPostprocessing = 0;
		};
		DDE2F0462C5EF14C00A193C4 /* Sources */ = {
			isa = PBXSourcesBuildPhase;
			buildActionMask = 2147483647;
			files = (
				DDE2F04F2C5EF14C00A193C4 /* corbinDirectoryUITests.swift in Sources */,
				DDE2F0512C5EF14C00A193C4 /* corbinDirectoryUITestsLaunchTests.swift in Sources */,
			);
			runOnlyForDeploymentPostprocessing = 0;
		};
/* End PBXSourcesBuildPhase section */

/* Begin PBXTargetDependency section */
		DDE2F0422C5EF14C00A193C4 /* PBXTargetDependency */ = {
			isa = PBXTargetDependency;
			target = DDE2F0292C5EF14B00A193C4 /* corbinDirectory */;
			targetProxy = DDE2F0412C5EF14C00A193C4 /* PBXContainerItemProxy */;
		};
		DDE2F04C2C5EF14C00A193C4 /* PBXTargetDependency */ = {
			isa = PBXTargetDependency;
			target = DDE2F0292C5EF14B00A193C4 /* corbinDirectory */;
			targetProxy = DDE2F04B2C5EF14C00A193C4 /* PBXContainerItemProxy */;
		};
/* End PBXTargetDependency section */

/* Begin PBXVariantGroup section */
		DDE2F0332C5EF14B00A193C4 /* Main.storyboard */ = {
			isa = PBXVariantGroup;
			children = (
				DDE2F0342C5EF14B00A193C4 /* Base */,
			);
			name = Main.storyboard;
			sourceTree = "<group>";
		};
		DDE2F0382C5EF14C00A193C4 /* LaunchScreen.storyboard */ = {
			isa = PBXVariantGroup;
			children = (
				DDE2F0392C5EF14C00A193C4 /* Base */,
			);
			name = LaunchScreen.storyboard;
			sourceTree = "<group>";
		};
/* End PBXVariantGroup section */

/* Begin XCBuildConfiguration section */
		DDE2F0522C5EF14C00A193C4 /* Debug */ = {
			isa = XCBuildConfiguration;
			buildSettings = {
				ALWAYS_SEARCH_USER_PATHS = NO;
				ASSETCATALOG_COMPILER_GENERATE_SWIFT_ASSET_SYMBOL_EXTENSIONS = YES;
				CLANG_ANALYZER_NONNULL = YES;
				CLANG_ANALYZER_NUMBER_OBJECT_CONVERSION = YES_AGGRESSIVE;
				CLANG_CXX_LANGUAGE_STANDARD = "gnu++20";
				CLANG_ENABLE_MODULES = YES;
				CLANG_ENABLE_OBJC_ARC = YES;
				CLANG_ENABLE_OBJC_WEAK = YES;
				CLANG_WARN_BLOCK_CAPTURE_AUTORELEASING = YES;
				CLANG_WARN_BOOL_CONVERSION = YES;
				CLANG_WARN_COMMA = YES;
				CLANG_WARN_CONSTANT_CONVERSION = YES;
				CLANG_WARN_DEPRECATED_OBJC_IMPLEMENTATIONS = YES;
				CLANG_WARN_DIRECT_OBJC_ISA_USAGE = YES_ERROR;
				CLANG_WARN_DOCUMENTATION_COMMENTS = YES;
				CLANG_WARN_EMPTY_BODY = YES;
				CLANG_WARN_ENUM_CONVERSION = YES;
				CLANG_WARN_INFINITE_RECURSION = YES;
				CLANG_WARN_INT_CONVERSION = YES;
				CLANG_WARN_NON_LITERAL_NULL_CONVERSION = YES;
				CLANG_WARN_OBJC_IMPLICIT_RETAIN_SELF = YES;
				CLANG_WARN_OBJC_LITERAL_CONVERSION = YES;
				CLANG_WARN_OBJC_ROOT_CLASS = YES_ERROR;
				CLANG_WARN_QUOTED_INCLUDE_IN_FRAMEWORK_HEADER = YES;
				CLANG_WARN_RANGE_LOOP_ANALYSIS = YES;
				CLANG_WARN_STRICT_PROTOTYPES = YES;
				CLANG_WARN_SUSPICIOUS_MOVE = YES;
				CLANG_WARN_UNGUARDED_AVAILABILITY = YES_AGGRESSIVE;
				CLANG_WARN_UNREACHABLE_CODE = YES;
				CLANG_WARN__DUPLICATE_METHOD_MATCH = YES;
				COPY_PHASE_STRIP = NO;
				DEBUG_INFORMATION_FORMAT = dwarf;
				ENABLE_STRICT_OBJC_MSGSEND = YES;
				ENABLE_TESTABILITY = YES;
				ENABLE_USER_SCRIPT_SANDBOXING = YES;
				GCC_C_LANGUAGE_STANDARD = gnu17;
				GCC_DYNAMIC_NO_PIC = NO;
				GCC_NO_COMMON_BLOCKS = YES;
				GCC_OPTIMIZATION_LEVEL = 0;
				GCC_PREPROCESSOR_DEFINITIONS = (
					"DEBUG=1",
					"$(inherited)",
				);
				GCC_WARN_64_TO_32_BIT_CONVERSION = YES;
				GCC_WARN_ABOUT_RETURN_TYPE = YES_ERROR;
				GCC_WARN_UNDECLARED_SELECTOR = YES;
				GCC_WARN_UNINITIALIZED_AUTOS = YES_AGGRESSIVE;
				GCC_WARN_UNUSED_FUNCTION = YES;
				GCC_WARN_UNUSED_VARIABLE = YES;
				IPHONEOS_DEPLOYMENT_TARGET = 17.5;
				LOCALIZATION_PREFERS_STRING_CATALOGS = YES;
				MTL_ENABLE_DEBUG_INFO = INCLUDE_SOURCE;
				MTL_FAST_MATH = YES;
				ONLY_ACTIVE_ARCH = YES;
				SDKROOT = iphoneos;
				SWIFT_ACTIVE_COMPILATION_CONDITIONS = "DEBUG $(inherited)";
				SWIFT_OPTIMIZATION_LEVEL = "-Onone";
			};
			name = Debug;
		};
		DDE2F0532C5EF14C00A193C4 /* Release */ = {
			isa = XCBuildConfiguration;
			buildSettings = {
				ALWAYS_SEARCH_USER_PATHS = NO;
				ASSETCATALOG_COMPILER_GENERATE_SWIFT_ASSET_SYMBOL_EXTENSIONS = YES;
				CLANG_ANALYZER_NONNULL = YES;
				CLANG_ANALYZER_NUMBER_OBJECT_CONVERSION = YES_AGGRESSIVE;
				CLANG_CXX_LANGUAGE_STANDARD = "gnu++20";
				CLANG_ENABLE_MODULES = YES;
				CLANG_ENABLE_OBJC_ARC = YES;
				CLANG_ENABLE_OBJC_WEAK = YES;
				CLANG_WARN_BLOCK_CAPTURE_AUTORELEASING = YES;
				CLANG_WARN_BOOL_CONVERSION = YES;
				CLANG_WARN_COMMA = YES;
				CLANG_WARN_CONSTANT_CONVERSION = YES;
				CLANG_WARN_DEPRECATED_OBJC_IMPLEMENTATIONS = YES;
				CLANG_WARN_DIRECT_OBJC_ISA_USAGE = YES_ERROR;
				CLANG_WARN_DOCUMENTATION_COMMENTS = YES;
				CLANG_WARN_EMPTY_BODY = YES;
				CLANG_WARN_ENUM_CONVERSION = YES;
				CLANG_WARN_INFINITE_RECURSION = YES;
				CLANG_WARN_INT_CONVERSION = YES;
				CLANG_WARN_NON_LITERAL_NULL_CONVERSION = YES;
				CLANG_WARN_OBJC_IMPLICIT_RETAIN_SELF = YES;
				CLANG_WARN_OBJC_LITERAL_CONVERSION = YES;
				CLANG_WARN_OBJC_ROOT_CLASS = YES_ERROR;
				CLANG_WARN_QUOTED_INCLUDE_IN_FRAMEWORK_HEADER = YES;
				CLANG_WARN_RANGE_LOOP_ANALYSIS = YES;
				CLANG_WARN_STRICT_PROTOTYPES = YES;
				CLANG_WARN_SUSPICIOUS_MOVE = YES;
				CLANG_WARN_UNGUARDED_AVAILABILITY = YES_AGGRESSIVE;
				CLANG_WARN_UNREACHABLE_CODE = YES;
				CLANG_WARN__DUPLICATE_METHOD_MATCH = YES;
				COPY_PHASE_STRIP = NO;
				DEBUG_INFORMATION_FORMAT = "dwarf-with-dsym";
				ENABLE_NS_ASSERTIONS = NO;
				ENABLE_STRICT_OBJC_MSGSEND = YES;
				ENABLE_USER_SCRIPT_SANDBOXING = YES;
				GCC_C_LANGUAGE_STANDARD = gnu17;
				GCC_NO_COMMON_BLOCKS = YES;
				GCC_WARN_64_TO_32_BIT_CONVERSION = YES;
				GCC_WARN_ABOUT_RETURN_TYPE = YES_ERROR;
				GCC_WARN_UNDECLARED_SELECTOR = YES;
				GCC_WARN_UNINITIALIZED_AUTOS = YES_AGGRESSIVE;
				GCC_WARN_UNUSED_FUNCTION = YES;
				GCC_WARN_UNUSED_VARIABLE = YES;
				IPHONEOS_DEPLOYMENT_TARGET = 17.5;
				LOCALIZATION_PREFERS_STRING_CATALOGS = YES;
				MTL_ENABLE_DEBUG_INFO = NO;
				MTL_FAST_MATH = YES;
				SDKROOT = iphoneos;
				SWIFT_COMPILATION_MODE = wholemodule;
				VALIDATE_PRODUCT = YES;
			};
			name = Release;
		};
		DDE2F0552C5EF14C00A193C4 /* Debug */ = {
			isa = XCBuildConfiguration;
			buildSettings = {
				ASSETCATALOG_COMPILER_APPICON_NAME = AppIcon;
				ASSETCATALOG_COMPILER_GLOBAL_ACCENT_COLOR_NAME = AccentColor;
				CODE_SIGN_STYLE = Automatic;
				CURRENT_PROJECT_VERSION = 1;
				DEVELOPMENT_TEAM = 467U3W224Q;
				GENERATE_INFOPLIST_FILE = YES;
				INFOPLIST_FILE = corbinDirectory/Info.plist;
				INFOPLIST_KEY_UIApplicationSupportsIndirectInputEvents = YES;
				INFOPLIST_KEY_UILaunchStoryboardName = LaunchScreen;
				INFOPLIST_KEY_UIMainStoryboardFile = Main;
				INFOPLIST_KEY_UISupportedInterfaceOrientations_iPad = "UIInterfaceOrientationPortrait UIInterfaceOrientationPortraitUpsideDown UIInterfaceOrientationLandscapeLeft UIInterfaceOrientationLandscapeRight";
				INFOPLIST_KEY_UISupportedInterfaceOrientations_iPhone = "UIInterfaceOrientationPortrait UIInterfaceOrientationLandscapeLeft UIInterfaceOrientationLandscapeRight";
				LD_RUNPATH_SEARCH_PATHS = (
					"$(inherited)",
					"@executable_path/Frameworks",
				);
				MARKETING_VERSION = 1.0;
				PRODUCT_BUNDLE_IDENTIFIER = com.corbinlazarone.corbinDirectory;
				PRODUCT_NAME = "$(TARGET_NAME)";
				SWIFT_EMIT_LOC_STRINGS = YES;
				SWIFT_VERSION = 5.0;
				TARGETED_DEVICE_FAMILY = "1,2";
			};
			name = Debug;
		};
		DDE2F0562C5EF14C00A193C4 /* Release */ = {
			isa = XCBuildConfiguration;
			buildSettings = {
				ASSETCATALOG_COMPILER_APPICON_NAME = AppIcon;
				ASSETCATALOG_COMPILER_GLOBAL_ACCENT_COLOR_NAME = AccentColor;
				CODE_SIGN_STYLE = Automatic;
				CURRENT_PROJECT_VERSION = 1;
				DEVELOPMENT_TEAM = 467U3W224Q;
				GENERATE_INFOPLIST_FILE = YES;
				INFOPLIST_FILE = corbinDirectory/Info.plist;
				INFOPLIST_KEY_UIApplicationSupportsIndirectInputEvents = YES;
				INFOPLIST_KEY_UILaunchStoryboardName = LaunchScreen;
				INFOPLIST_KEY_UIMainStoryboardFile = Main;
				INFOPLIST_KEY_UISupportedInterfaceOrientations_iPad = "UIInterfaceOrientationPortrait UIInterfaceOrientationPortraitUpsideDown UIInterfaceOrientationLandscapeLeft UIInterfaceOrientationLandscapeRight";
				INFOPLIST_KEY_UISupportedInterfaceOrientations_iPhone = "UIInterfaceOrientationPortrait UIInterfaceOrientationLandscapeLeft UIInterfaceOrientationLandscapeRight";
				LD_RUNPATH_SEARCH_PATHS = (
					"$(inherited)",
					"@executable_path/Frameworks",
				);
				MARKETING_VERSION = 1.0;
				PRODUCT_BUNDLE_IDENTIFIER = com.corbinlazarone.corbinDirectory;
				PRODUCT_NAME = "$(TARGET_NAME)";
				SWIFT_EMIT_LOC_STRINGS = YES;
				SWIFT_VERSION = 5.0;
				TARGETED_DEVICE_FAMILY = "1,2";
			};
			name = Release;
		};
		DDE2F0582C5EF14C00A193C4 /* Debug */ = {
			isa = XCBuildConfiguration;
			buildSettings = {
				ALWAYS_EMBED_SWIFT_STANDARD_LIBRARIES = YES;
				BUNDLE_LOADER = "$(TEST_HOST)";
				CODE_SIGN_STYLE = Automatic;
				CURRENT_PROJECT_VERSION = 1;
				DEVELOPMENT_TEAM = 467U3W224Q;
				GENERATE_INFOPLIST_FILE = YES;
				IPHONEOS_DEPLOYMENT_TARGET = 17.5;
				MARKETING_VERSION = 1.0;
				PRODUCT_BUNDLE_IDENTIFIER = com.corbinlazarone.corbinDirectoryTests;
				PRODUCT_NAME = "$(TARGET_NAME)";
				SWIFT_EMIT_LOC_STRINGS = NO;
				SWIFT_VERSION = 5.0;
				TARGETED_DEVICE_FAMILY = "1,2";
				TEST_HOST = "$(BUILT_PRODUCTS_DIR)/corbinDirectory.app/$(BUNDLE_EXECUTABLE_FOLDER_PATH)/corbinDirectory";
			};
			name = Debug;
		};
		DDE2F0592C5EF14C00A193C4 /* Release */ = {
			isa = XCBuildConfiguration;
			buildSettings = {
				ALWAYS_EMBED_SWIFT_STANDARD_LIBRARIES = YES;
				BUNDLE_LOADER = "$(TEST_HOST)";
				CODE_SIGN_STYLE = Automatic;
				CURRENT_PROJECT_VERSION = 1;
				DEVELOPMENT_TEAM = 467U3W224Q;
				GENERATE_INFOPLIST_FILE = YES;
				IPHONEOS_DEPLOYMENT_TARGET = 17.5;
				MARKETING_VERSION = 1.0;
				PRODUCT_BUNDLE_IDENTIFIER = com.corbinlazarone.corbinDirectoryTests;
				PRODUCT_NAME = "$(TARGET_NAME)";
				SWIFT_EMIT_LOC_STRINGS = NO;
				SWIFT_VERSION = 5.0;
				TARGETED_DEVICE_FAMILY = "1,2";
				TEST_HOST = "$(BUILT_PRODUCTS_DIR)/corbinDirectory.app/$(BUNDLE_EXECUTABLE_FOLDER_PATH)/corbinDirectory";
			};
			name = Release;
		};
		DDE2F05B2C5EF14C00A193C4 /* Debug */ = {
			isa = XCBuildConfiguration;
			buildSettings = {
				ALWAYS_EMBED_SWIFT_STANDARD_LIBRARIES = YES;
				CODE_SIGN_STYLE = Automatic;
				CURRENT_PROJECT_VERSION = 1;
				DEVELOPMENT_TEAM = 467U3W224Q;
				GENERATE_INFOPLIST_FILE = YES;
				MARKETING_VERSION = 1.0;
				PRODUCT_BUNDLE_IDENTIFIER = com.corbinlazarone.corbinDirectoryUITests;
				PRODUCT_NAME = "$(TARGET_NAME)";
				SWIFT_EMIT_LOC_STRINGS = NO;
				SWIFT_VERSION = 5.0;
				TARGETED_DEVICE_FAMILY = "1,2";
				TEST_TARGET_NAME = corbinDirectory;
			};
			name = Debug;
		};
		DDE2F05C2C5EF14C00A193C4 /* Release */ = {
			isa = XCBuildConfiguration;
			buildSettings = {
				ALWAYS_EMBED_SWIFT_STANDARD_LIBRARIES = YES;
				CODE_SIGN_STYLE = Automatic;
				CURRENT_PROJECT_VERSION = 1;
				DEVELOPMENT_TEAM = 467U3W224Q;
				GENERATE_INFOPLIST_FILE = YES;
				MARKETING_VERSION = 1.0;
				PRODUCT_BUNDLE_IDENTIFIER = com.corbinlazarone.corbinDirectoryUITests;
				PRODUCT_NAME = "$(TARGET_NAME)";
				SWIFT_EMIT_LOC_STRINGS = NO;
				SWIFT_VERSION = 5.0;
				TARGETED_DEVICE_FAMILY = "1,2";
				TEST_TARGET_NAME = corbinDirectory;
			};
			name = Release;
		};
/* End XCBuildConfiguration section */

/* Begin XCConfigurationList section */
		DDE2F0252C5EF14B00A193C4 /* Build configuration list for PBXProject "corbinDirectory" */ = {
			isa = XCConfigurationList;
			buildConfigurations = (
				DDE2F0522C5EF14C00A193C4 /* Debug */,
				DDE2F0532C5EF14C00A193C4 /* Release */,
			);
			defaultConfigurationIsVisible = 0;
			defaultConfigurationName = Release;
		};
		DDE2F0542C5EF14C00A193C4 /* Build configuration list for PBXNativeTarget "corbinDirectory" */ = {
			isa = XCConfigurationList;
			buildConfigurations = (
				DDE2F0552C5EF14C00A193C4 /* Debug */,
				DDE2F0562C5EF14C00A193C4 /* Release */,
			);
			defaultConfigurationIsVisible = 0;
			defaultConfigurationName = Release;
		};
		DDE2F0572C5EF14C00A193C4 /* Build configuration list for PBXNativeTarget "corbinDirectoryTests" */ = {
			isa = XCConfigurationList;
			buildConfigurations = (
				DDE2F0582C5EF14C00A193C4 /* Debug */,
				DDE2F0592C5EF14C00A193C4 /* Release */,
			);
			defaultConfigurationIsVisible = 0;
			defaultConfigurationName = Release;
		};
		DDE2F05A2C5EF14C00A193C4 /* Build configuration list for PBXNativeTarget "corbinDirectoryUITests" */ = {
			isa = XCConfigurationList;
			buildConfigurations = (
				DDE2F05B2C5EF14C00A193C4 /* Debug */,
				DDE2F05C2C5EF14C00A193C4 /* Release */,
			);
			defaultConfigurationIsVisible = 0;
			defaultConfigurationName = Release;
		};
/* End XCConfigurationList section */
	};
	rootObject = DDE2F0222C5EF14B00A193C4 /* Project object */;
}
